
Microsoft Visual Studio Solution File, Format Version 12.00
# Visual Studio 2012
Project("{FAE04EC0-301F-11D3-BF4B-00C04F79EFBC}") = "Organigram.Api", "Organigram.Api\Organigram.Api.csproj", "{89C4647D-BC9E-482C-ACE0-52CAA392AFA6}"
EndProject
Project("{FAE04EC0-301F-11D3-BF4B-00C04F79EFBC}") = "Organigram.Model", "Organigram.Model\Organigram.Model.csproj", "{C88EEC60-FB5B-4ACA-B11F-878DE407262B}"
EndProject
Project("{FAE04EC0-301F-11D3-BF4B-00C04F79EFBC}") = "Organigram.Web", "Organigram.Web\Organigram.Web.csproj", "{33ACA47A-A2BC-48B5-8372-A0AF503D848C}"
EndProject
Global
	GlobalSection(SolutionConfigurationPlatforms) = preSolution
		Debug|Any CPU = Debug|Any CPU
		Release|Any CPU = Release|Any CPU
	EndGlobalSection
	GlobalSection(ProjectConfigurationPlatforms) = postSolution
		{89C4647D-BC9E-482C-ACE0-52CAA392AFA6}.Debug|Any CPU.ActiveCfg = Debug|Any CPU
		{89C4647D-BC9E-482C-ACE0-52CAA392AFA6}.Debug|Any CPU.Build.0 = Debug|Any CPU
		{89C4647D-BC9E-482C-ACE0-52CAA392AFA6}.Release|Any CPU.ActiveCfg = Release|Any CPU
		{89C4647D-BC9E-482C-ACE0-52CAA392AFA6}.Release|Any CPU.Build.0 = Release|Any CPU
		{C88EEC60-FB5B-4ACA-B11F-878DE407262B}.Debug|Any CPU.ActiveCfg = Debug|Any CPU
		{C88EEC60-FB5B-4ACA-B11F-878DE407262B}.Debug|Any CPU.Build.0 = Debug|Any CPU
		{C88EEC60-FB5B-4ACA-B11F-878DE407262B}.Release|Any CPU.ActiveCfg = Release|Any CPU
		{C88EEC60-FB5B-4ACA-B11F-878DE407262B}.Release|Any CPU.Build.0 = Release|Any CPU
		{33ACA47A-A2BC-48B5-8372-A0AF503D848C}.Debug|Any CPU.ActiveCfg = Debug|Any CPU
		{33ACA47A-A2BC-48B5-8372-A0AF503D848C}.Debug|Any CPU.Build.0 = Debug|Any CPU
		{33ACA47A-A2BC-48B5-8372-A0AF503D848C}.Release|Any CPU.ActiveCfg = Release|Any CPU
		{33ACA47A-A2BC-48B5-8372-A0AF503D848C}.Release|Any CPU.Build.0 = Release|Any CPU
	EndGlobalSection
	GlobalSection(SolutionProperties) = preSolution
		HideSolutionNode = FALSE
	EndGlobalSection
EndGlobal
